
Microsoft Visual Studio Solution File, Format Version 12.00
# Visual Studio Version 17
VisualStudioVersion = 17.3.32901.215
MinimumVisualStudioVersion = 10.0.40219.1
Project("{FAE04EC0-301F-11D3-BF4B-00C04F79EFBC}") = "RegexTestUserResistration", "RegexTestUserResistration\RegexTestUserResistration.csproj", "{7B77573C-2A4B-4703-806B-1EF9E0ECD619}"
EndProject
Global
	GlobalSection(SolutionConfigurationPlatforms) = preSolution
		Debug|Any CPU = Debug|Any CPU
		Release|Any CPU = Release|Any CPU
	EndGlobalSection
	GlobalSection(ProjectConfigurationPlatforms) = postSolution
		{7B77573C-2A4B-4703-806B-1EF9E0ECD619}.Debug|Any CPU.ActiveCfg = Debug|Any CPU
		{7B77573C-2A4B-4703-806B-1EF9E0ECD619}.Debug|Any CPU.Build.0 = Debug|Any CPU
		{7B77573C-2A4B-4703-806B-1EF9E0ECD619}.Release|Any CPU.ActiveCfg = Release|Any CPU
		{7B77573C-2A4B-4703-806B-1EF9E0ECD619}.Release|Any CPU.Build.0 = Release|Any CPU
	EndGlobalSection
	GlobalSection(SolutionProperties) = preSolution
		HideSolutionNode = FALSE
	EndGlobalSection
	GlobalSection(ExtensibilityGlobals) = postSolution
		SolutionGuid = {89B02CDD-1B7E-4987-BC3C-FA19834211A1}
	EndGlobalSection
EndGlobal
